# THIS IS AN AUTOGENERATED FILE. DO NOT EDIT THIS FILE DIRECTLY.
# yarn lockfile v1


"@sindresorhus/is@^0.14.0":
  version "0.14.0"
  resolved "https://registry.nlark.com/@sindresorhus/is/download/@sindresorhus/is-0.14.0.tgz"
  integrity sha1-n7OjzzEyMoFR81PeRjLgHlIQK+o=

"@szmarczak/http-timer@^1.1.2":
  version "1.1.2"
  resolved "https://registry.npm.taobao.org/@szmarczak/http-timer/download/@szmarczak/http-timer-1.1.2.tgz"
  integrity sha1-sWZeLEYaLNkvTBu/UNVFTeDUtCE=
  dependencies:
    defer-to-connect "^1.0.1"

"@types/component-emitter@^1.2.10":
  version "1.2.10"
  resolved "https://registry.nlark.com/@types/component-emitter/download/@types/component-emitter-1.2.10.tgz?cache=0&sync_timestamp=1621240806137&other_urls=https%3A%2F%2Fregistry.nlark.com%2F%40types%2Fcomponent-emitter%2Fdownload%2F%40types%2Fcomponent-emitter-1.2.10.tgz"
  integrity sha1-71sVibnxZURkLkc9tepWORB+8+o=

"@types/cookie@^0.4.0":
  version "0.4.0"
  resolved "https://registry.nlark.com/@types/cookie/download/@types/cookie-0.4.0.tgz"
  integrity sha1-FPhUwPk9Mm452m47bzT303UT0Qg=

"@types/cors@^2.8.8":
  version "2.8.10"
  resolved "https://registry.nlark.com/@types/cors/download/@types/cors-2.8.10.tgz"
  integrity sha1-YcyEaYSeW83QxwRBIiZcOc7BDPQ=

"@types/node@>=10.0.0":
  version "15.12.4"
  resolved "https://registry.nlark.com/@types/node/download/@types/node-15.12.4.tgz?cache=0&sync_timestamp=1624437242670&other_urls=https%3A%2F%2Fregistry.nlark.com%2F%40types%2Fnode%2Fdownload%2F%40types%2Fnode-15.12.4.tgz"
  integrity sha1-4c+BfXCh4RjoGSLE/2aDzp1CLiY=

abbrev@1:
  version "1.1.1"
  resolved "https://registry.npm.taobao.org/abbrev/download/abbrev-1.1.1.tgz"
  integrity sha1-+PLIh60Qv2f2NPAFtph/7TF5qsg=

accepts@~1.3.4:
  version "1.3.7"
  resolved "https://registry.npm.taobao.org/accepts/download/accepts-1.3.7.tgz"
  integrity sha1-UxvHJlF6OytB+FACHGzBXqq1B80=
  dependencies:
    mime-types "~2.1.24"
    negotiator "0.6.2"

ansi-align@^3.0.0:
  version "3.0.0"
  resolved "https://registry.npm.taobao.org/ansi-align/download/ansi-align-3.0.0.tgz"
  integrity sha1-tTazcc9ofKrvI2wY0+If43l0Z8s=
  dependencies:
    string-width "^3.0.0"

ansi-regex@^4.1.0:
  version "4.1.0"
  resolved "https://registry.nlark.com/ansi-regex/download/ansi-regex-4.1.0.tgz"
  integrity sha1-i5+PCM8ay4Q3Vqg5yox+MWjFGZc=

ansi-regex@^5.0.0:
  version "5.0.0"
  resolved "https://registry.nlark.com/ansi-regex/download/ansi-regex-5.0.0.tgz"
  integrity sha1-OIU59VF5vzkznIGvMKZU1p+Hy3U=

ansi-styles@^4.1.0:
  version "4.3.0"
  resolved "https://registry.nlark.com/ansi-styles/download/ansi-styles-4.3.0.tgz?cache=0&sync_timestamp=1618995625950&other_urls=https%3A%2F%2Fregistry.nlark.com%2Fansi-styles%2Fdownload%2Fansi-styles-4.3.0.tgz"
  integrity sha1-7dgDYornHATIWuegkG7a00tkiTc=
  dependencies:
    color-convert "^2.0.1"

anymatch@~3.1.2:
  version "3.1.2"
  resolved "https://registry.npm.taobao.org/anymatch/download/anymatch-3.1.2.tgz"
  integrity sha1-wFV8CWrzLxBhmPT04qODU343hxY=
  dependencies:
    normalize-path "^3.0.0"
    picomatch "^2.0.4"

balanced-match@^1.0.0:
  version "1.0.2"
  resolved "https://registry.nlark.com/balanced-match/download/balanced-match-1.0.2.tgz"
  integrity sha1-6D46fj8wCzTLnYf2FfoMvzV2kO4=

base64-arraybuffer@0.1.4:
  version "0.1.4"
  resolved "https://registry.npm.taobao.org/base64-arraybuffer/download/base64-arraybuffer-0.1.4.tgz"
  integrity sha1-mBjHngWbE1X5fgQooBfIOOkLqBI=

base64id@2.0.0, base64id@~2.0.0:
  version "2.0.0"
  resolved "https://registry.npm.taobao.org/base64id/download/base64id-2.0.0.tgz"
  integrity sha1-J3Csa8R9MSr5eov5pjQ0LgzSXLY=

binary-extensions@^2.0.0:
  version "2.2.0"
  resolved "https://registry.npm.taobao.org/binary-extensions/download/binary-extensions-2.2.0.tgz?cache=0&sync_timestamp=1610299268308&other_urls=https%3A%2F%2Fregistry.npm.taobao.org%2Fbinary-extensions%2Fdownload%2Fbinary-extensions-2.2.0.tgz"
  integrity sha1-dfUC7q+f/eQvyYgpZFvk6na9ni0=

boxen@^4.2.0:
  version "4.2.0"
  resolved "https://registry.npm.taobao.org/boxen/download/boxen-4.2.0.tgz"
  integrity sha1-5BG2I1fW1tNlh8isPV2XTaoHDmQ=
  dependencies:
    ansi-align "^3.0.0"
    camelcase "^5.3.1"
    chalk "^3.0.0"
    cli-boxes "^2.2.0"
    string-width "^4.1.0"
    term-size "^2.1.0"
    type-fest "^0.8.1"
    widest-line "^3.1.0"

brace-expansion@^1.1.7:
  version "1.1.11"
  resolved "https://registry.npm.taobao.org/brace-expansion/download/brace-expansion-1.1.11.tgz"
  integrity sha1-PH/L9SnYcibz0vUrlm/1Jx60Qd0=
  dependencies:
    balanced-match "^1.0.0"
    concat-map "0.0.1"

braces@~3.0.2:
  version "3.0.2"
  resolved "https://registry.npm.taobao.org/braces/download/braces-3.0.2.tgz"
  integrity sha1-NFThpGLujVmeI23zNs2epPiv4Qc=
  dependencies:
    fill-range "^7.0.1"

cacheable-request@^6.0.0:
  version "6.1.0"
  resolved "https://registry.nlark.com/cacheable-request/download/cacheable-request-6.1.0.tgz?cache=0&sync_timestamp=1623237504263&other_urls=https%3A%2F%2Fregistry.nlark.com%2Fcacheable-request%2Fdownload%2Fcacheable-request-6.1.0.tgz"
  integrity sha1-IP+4vRYrpL4R6VZ9gj22UQUsqRI=
  dependencies:
    clone-response "^1.0.2"
    get-stream "^5.1.0"
    http-cache-semantics "^4.0.0"
    keyv "^3.0.0"
    lowercase-keys "^2.0.0"
    normalize-url "^4.1.0"
    responselike "^1.0.2"

camelcase@^5.3.1:
  version "5.3.1"
  resolved "https://registry.nlark.com/camelcase/download/camelcase-5.3.1.tgz"
  integrity sha1-48mzFWnhBoEd8kL3FXJaH0xJQyA=

chalk@^3.0.0:
  version "3.0.0"
  resolved "https://registry.nlark.com/chalk/download/chalk-3.0.0.tgz?cache=0&sync_timestamp=1618995297666&other_urls=https%3A%2F%2Fregistry.nlark.com%2Fchalk%2Fdownload%2Fchalk-3.0.0.tgz"
  integrity sha1-P3PCv1JlkfV0zEksUeJFY0n4ROQ=
  dependencies:
    ansi-styles "^4.1.0"
    supports-color "^7.1.0"

chokidar@^3.2.2:
  version "3.5.2"
  resolved "https://registry.nlark.com/chokidar/download/chokidar-3.5.2.tgz?cache=0&sync_timestamp=1623763535523&other_urls=https%3A%2F%2Fregistry.nlark.com%2Fchokidar%2Fdownload%2Fchokidar-3.5.2.tgz"
  integrity sha1-26OXb8rbAW9m/TZQIdkWANAcHnU=
  dependencies:
    anymatch "~3.1.2"
    braces "~3.0.2"
    glob-parent "~5.1.2"
    is-binary-path "~2.1.0"
    is-glob "~4.0.1"
    normalize-path "~3.0.0"
    readdirp "~3.6.0"
  optionalDependencies:
    fsevents "~2.3.2"

ci-info@^2.0.0:
  version "2.0.0"
  resolved "https://registry.nlark.com/ci-info/download/ci-info-2.0.0.tgz?cache=0&sync_timestamp=1622039942508&other_urls=https%3A%2F%2Fregistry.nlark.com%2Fci-info%2Fdownload%2Fci-info-2.0.0.tgz"
  integrity sha1-Z6npZL4xpR4V5QENWObxKDQAL0Y=

cli-boxes@^2.2.0:
  version "2.2.1"
  resolved "https://registry.nlark.com/cli-boxes/download/cli-boxes-2.2.1.tgz"
  integrity sha1-3dUDXSUJT84iDpyrQKRYQKRAMY8=

clone-response@^1.0.2:
  version "1.0.2"
  resolved "https://registry.npm.taobao.org/clone-response/download/clone-response-1.0.2.tgz"
  integrity sha1-0dyXOSAxTfZ/vrlCI7TuNQI56Ws=
  dependencies:
    mimic-response "^1.0.0"

color-convert@^2.0.1:
  version "2.0.1"
  resolved "https://registry.npm.taobao.org/color-convert/download/color-convert-2.0.1.tgz"
  integrity sha1-ctOmjVmMm9s68q0ehPIdiWq9TeM=
  dependencies:
    color-name "~1.1.4"

color-name@~1.1.4:
  version "1.1.4"
  resolved "https://registry.nlark.com/color-name/download/color-name-1.1.4.tgz"
  integrity sha1-wqCah6y95pVD3m9j+jmVyCbFNqI=

component-emitter@~1.3.0:
  version "1.3.0"
  resolved "https://registry.npm.taobao.org/component-emitter/download/component-emitter-1.3.0.tgz"
  integrity sha1-FuQHD7qK4ptnnyIVhT7hgasuq8A=

concat-map@0.0.1:
  version "0.0.1"
  resolved "https://registry.npm.taobao.org/concat-map/download/concat-map-0.0.1.tgz"
  integrity sha1-2Klr13/Wjfd5OnMDajug1UBdR3s=

configstore@^5.0.1:
  version "5.0.1"
  resolved "https://registry.nlark.com/configstore/download/configstore-5.0.1.tgz"
  integrity sha1-02UCG130uYzdGH1qOw4/anzF7ZY=
  dependencies:
    dot-prop "^5.2.0"
    graceful-fs "^4.1.2"
    make-dir "^3.0.0"
    unique-string "^2.0.0"
    write-file-atomic "^3.0.0"
    xdg-basedir "^4.0.0"

cookie@~0.4.1:
  version "0.4.1"
  resolved "https://registry.nlark.com/cookie/download/cookie-0.4.1.tgz"
  integrity sha1-r9cT/ibr0hupXOth+agRblClN9E=

cors@~2.8.5:
  version "2.8.5"
  resolved "https://registry.nlark.com/cors/download/cors-2.8.5.tgz"
  integrity sha1-6sEdpRWS3Ya58G9uesKTs9+HXSk=
  dependencies:
    object-assign "^4"
    vary "^1"

crypto-random-string@^2.0.0:
  version "2.0.0"
  resolved "https://registry.npm.taobao.org/crypto-random-string/download/crypto-random-string-2.0.0.tgz?cache=0&sync_timestamp=1617610467993&other_urls=https%3A%2F%2Fregistry.npm.taobao.org%2Fcrypto-random-string%2Fdownload%2Fcrypto-random-string-2.0.0.tgz"
  integrity sha1-7yp6lm7BEIM4g2m6oC6+rSKbMNU=

debug@^2.2.0:
  version "2.6.9"
  resolved "https://registry.npm.taobao.org/debug/download/debug-2.6.9.tgz?cache=0&sync_timestamp=1607566571506&other_urls=https%3A%2F%2Fregistry.npm.taobao.org%2Fdebug%2Fdownload%2Fdebug-2.6.9.tgz"
  integrity sha1-XRKFFd8TT/Mn6QpMk/Tgd6U2NB8=
  dependencies:
    ms "2.0.0"

debug@^3.2.6:
  version "3.2.7"
  resolved "https://registry.npm.taobao.org/debug/download/debug-3.2.7.tgz?cache=0&sync_timestamp=1607566571506&other_urls=https%3A%2F%2Fregistry.npm.taobao.org%2Fdebug%2Fdownload%2Fdebug-3.2.7.tgz"
  integrity sha1-clgLfpFF+zm2Z2+cXl+xALk0F5o=
  dependencies:
    ms "^2.1.1"

debug@~4.3.1:
  version "4.3.1"
  resolved "https://registry.npm.taobao.org/debug/download/debug-4.3.1.tgz?cache=0&sync_timestamp=1607566571506&other_urls=https%3A%2F%2Fregistry.npm.taobao.org%2Fdebug%2Fdownload%2Fdebug-4.3.1.tgz"
  integrity sha1-8NIpxQXgxtjEmsVT0bE9wYP2su4=
  dependencies:
    ms "2.1.2"

decompress-response@^3.3.0:
  version "3.3.0"
  resolved "https://registry.npm.taobao.org/decompress-response/download/decompress-response-3.3.0.tgz?cache=0&sync_timestamp=1613125479486&other_urls=https%3A%2F%2Fregistry.npm.taobao.org%2Fdecompress-response%2Fdownload%2Fdecompress-response-3.3.0.tgz"
  integrity sha1-gKTdMjdIOEv6JICDYirt7Jgq3/M=
  dependencies:
    mimic-response "^1.0.0"

deep-extend@^0.6.0:
  version "0.6.0"
  resolved "https://registry.npm.taobao.org/deep-extend/download/deep-extend-0.6.0.tgz"
  integrity sha1-xPp8lUBKF6nD6Mp+FTcxK3NjMKw=

defer-to-connect@^1.0.1:
  version "1.1.3"
  resolved "https://registry.npm.taobao.org/defer-to-connect/download/defer-to-connect-1.1.3.tgz?cache=0&sync_timestamp=1614211138920&other_urls=https%3A%2F%2Fregistry.npm.taobao.org%2Fdefer-to-connect%2Fdownload%2Fdefer-to-connect-1.1.3.tgz"
  integrity sha1-MxrgUMCNz3ifjIOnuB8O2U9KxZE=

dot-prop@^5.2.0:
  version "5.3.0"
  resolved "https://registry.nlark.com/dot-prop/download/dot-prop-5.3.0.tgz"
  integrity sha1-kMzOcIzZzYLMTcjD3dmr3VWyDog=
  dependencies:
    is-obj "^2.0.0"

duplexer3@^0.1.4:
  version "0.1.4"
  resolved "https://registry.nlark.com/duplexer3/download/duplexer3-0.1.4.tgz"
  integrity sha1-7gHdHKwO08vH/b6jfcCo8c4ALOI=

emoji-regex@^7.0.1:
  version "7.0.3"
  resolved "https://registry.nlark.com/emoji-regex/download/emoji-regex-7.0.3.tgz"
  integrity sha1-kzoEBShgyF6DwSJHnEdIqOTHIVY=

emoji-regex@^8.0.0:
  version "8.0.0"
  resolved "https://registry.nlark.com/emoji-regex/download/emoji-regex-8.0.0.tgz"
  integrity sha1-6Bj9ac5cz8tARZT4QpY79TFkzDc=

end-of-stream@^1.1.0:
  version "1.4.4"
  resolved "https://registry.npm.taobao.org/end-of-stream/download/end-of-stream-1.4.4.tgz"
  integrity sha1-WuZKX0UFe682JuwU2gyl5LJDHrA=
  dependencies:
    once "^1.4.0"

engine.io-parser@~4.0.0:
  version "4.0.2"
  resolved "https://registry.npm.taobao.org/engine.io-parser/download/engine.io-parser-4.0.2.tgz?cache=0&sync_timestamp=1607330710445&other_urls=https%3A%2F%2Fregistry.npm.taobao.org%2Fengine.io-parser%2Fdownload%2Fengine.io-parser-4.0.2.tgz"
  integrity sha1-5B0LP7Zve/SjZx0gOKFUAk7bUB4=
  dependencies:
    base64-arraybuffer "0.1.4"

engine.io@~5.1.0:
  version "5.1.1"
  resolved "https://registry.nlark.com/engine.io/download/engine.io-5.1.1.tgz?cache=0&sync_timestamp=1621204854469&other_urls=https%3A%2F%2Fregistry.nlark.com%2Fengine.io%2Fdownload%2Fengine.io-5.1.1.tgz"
  integrity sha1-ofl+Ud3xDL1NuLX/SxZarTdgzdM=
  dependencies:
    accepts "~1.3.4"
    base64id "2.0.0"
    cookie "~0.4.1"
    cors "~2.8.5"
    debug "~4.3.1"
    engine.io-parser "~4.0.0"
    ws "~7.4.2"

escape-goat@^2.0.0:
  version "2.1.1"
  resolved "https://registry.npm.taobao.org/escape-goat/download/escape-goat-2.1.1.tgz"
  integrity sha1-Gy3HcANnbEV+x2Cy3GjttkgYhnU=

fill-range@^7.0.1:
  version "7.0.1"
  resolved "https://registry.nlark.com/fill-range/download/fill-range-7.0.1.tgz"
  integrity sha1-GRmmp8df44ssfHflGYU12prN2kA=
  dependencies:
    to-regex-range "^5.0.1"

fsevents@~2.3.2:
  version "2.3.2"
  resolved "https://registry.nlark.com/fsevents/download/fsevents-2.3.2.tgz"
  integrity sha1-ilJveLj99GI7cJ4Ll1xSwkwC/Ro=

get-stream@^4.1.0:
  version "4.1.0"
  resolved "https://registry.nlark.com/get-stream/download/get-stream-4.1.0.tgz?cache=0&sync_timestamp=1618847023057&other_urls=https%3A%2F%2Fregistry.nlark.com%2Fget-stream%2Fdownload%2Fget-stream-4.1.0.tgz"
  integrity sha1-wbJVV189wh1Zv8ec09K0axw6VLU=
  dependencies:
    pump "^3.0.0"

get-stream@^5.1.0:
  version "5.2.0"
  resolved "https://registry.nlark.com/get-stream/download/get-stream-5.2.0.tgz?cache=0&sync_timestamp=1618847023057&other_urls=https%3A%2F%2Fregistry.nlark.com%2Fget-stream%2Fdownload%2Fget-stream-5.2.0.tgz"
  integrity sha1-SWaheV7lrOZecGxLe+txJX1uItM=
  dependencies:
    pump "^3.0.0"

glob-parent@~5.1.2:
  version "5.1.2"
  resolved "https://registry.nlark.com/glob-parent/download/glob-parent-5.1.2.tgz?cache=0&sync_timestamp=1620073671816&other_urls=https%3A%2F%2Fregistry.nlark.com%2Fglob-parent%2Fdownload%2Fglob-parent-5.1.2.tgz"
  integrity sha1-hpgyxYA0/mikCTwX3BXoNA2EAcQ=
  dependencies:
    is-glob "^4.0.1"

global-dirs@^2.0.1:
  version "2.1.0"
  resolved "https://registry.npm.taobao.org/global-dirs/download/global-dirs-2.1.0.tgz?cache=0&sync_timestamp=1610454828747&other_urls=https%3A%2F%2Fregistry.npm.taobao.org%2Fglobal-dirs%2Fdownload%2Fglobal-dirs-2.1.0.tgz"
  integrity sha1-6QRqScgG/wTWwYJeGWyPAJHo300=
  dependencies:
    ini "1.3.7"

got@^9.6.0:
  version "9.6.0"
  resolved "https://registry.npm.taobao.org/got/download/got-9.6.0.tgz?cache=0&sync_timestamp=1614332558999&other_urls=https%3A%2F%2Fregistry.npm.taobao.org%2Fgot%2Fdownload%2Fgot-9.6.0.tgz"
  integrity sha1-7fRefWf5lUVwXeH3u+7rEhdl7YU=
  dependencies:
    "@sindresorhus/is" "^0.14.0"
    "@szmarczak/http-timer" "^1.1.2"
    cacheable-request "^6.0.0"
    decompress-response "^3.3.0"
    duplexer3 "^0.1.4"
    get-stream "^4.1.0"
    lowercase-keys "^1.0.1"
    mimic-response "^1.0.1"
    p-cancelable "^1.0.0"
    to-readable-stream "^1.0.0"
    url-parse-lax "^3.0.0"

graceful-fs@^4.1.2:
  version "4.2.6"
  resolved "https://registry.npm.taobao.org/graceful-fs/download/graceful-fs-4.2.6.tgz"
  integrity sha1-/wQLKwhTsjw9MQJ1I3BvGIXXa+4=

has-flag@^3.0.0:
  version "3.0.0"
  resolved "https://registry.nlark.com/has-flag/download/has-flag-3.0.0.tgz?cache=0&sync_timestamp=1618847009337&other_urls=https%3A%2F%2Fregistry.nlark.com%2Fhas-flag%2Fdownload%2Fhas-flag-3.0.0.tgz"
  integrity sha1-tdRU3CGZriJWmfNGfloH87lVuv0=

has-flag@^4.0.0:
  version "4.0.0"
  resolved "https://registry.nlark.com/has-flag/download/has-flag-4.0.0.tgz?cache=0&sync_timestamp=1618847009337&other_urls=https%3A%2F%2Fregistry.nlark.com%2Fhas-flag%2Fdownload%2Fhas-flag-4.0.0.tgz"
  integrity sha1-lEdx/ZyByBJlxNaUGGDaBrtZR5s=

has-yarn@^2.1.0:
  version "2.1.0"
  resolved "https://registry.npm.taobao.org/has-yarn/download/has-yarn-2.1.0.tgz"
  integrity sha1-E34RNUp7W/EapctknPDG8/8rLnc=

http-cache-semantics@^4.0.0:
  version "4.1.0"
  resolved "https://registry.npm.taobao.org/http-cache-semantics/download/http-cache-semantics-4.1.0.tgz"
  integrity sha1-SekcXL82yblLz81xwj1SSex045A=

ignore-by-default@^1.0.1:
  version "1.0.1"
  resolved "https://registry.npm.taobao.org/ignore-by-default/download/ignore-by-default-1.0.1.tgz"
  integrity sha1-SMptcvbGo68Aqa1K5odr44ieKwk=

import-lazy@^2.1.0:
  version "2.1.0"
  resolved "https://registry.npm.taobao.org/import-lazy/download/import-lazy-2.1.0.tgz"
  integrity sha1-BWmOPUXIjo1+nZLLBYTnfwlvPkM=

imurmurhash@^0.1.4:
  version "0.1.4"
  resolved "https://registry.npm.taobao.org/imurmurhash/download/imurmurhash-0.1.4.tgz"
  integrity sha1-khi5srkoojixPcT7a21XbyMUU+o=

inherits@2.0.3:
  version "2.0.3"
  resolved "https://registry.nlark.com/inherits/download/inherits-2.0.3.tgz"
  integrity sha1-Yzwsg+PaQqUC9SRmAiSA9CCCYd4=

ini@1.3.7, ini@~1.3.0:
  version "1.3.7"
  resolved "https://registry.npm.taobao.org/ini/download/ini-1.3.7.tgz?cache=0&sync_timestamp=1607907801722&other_urls=https%3A%2F%2Fregistry.npm.taobao.org%2Fini%2Fdownload%2Fini-1.3.7.tgz"
  integrity sha1-oJNj4ZEZcuoW16iFEAXYTPCamoQ=

is-binary-path@~2.1.0:
  version "2.1.0"
  resolved "https://registry.npm.taobao.org/is-binary-path/download/is-binary-path-2.1.0.tgz"
  integrity sha1-6h9/O4DwZCNug0cPhsCcJU+0Wwk=
  dependencies:
    binary-extensions "^2.0.0"

is-ci@^2.0.0:
  version "2.0.0"
  resolved "https://registry.npm.taobao.org/is-ci/download/is-ci-2.0.0.tgz?cache=0&sync_timestamp=1613631987391&other_urls=https%3A%2F%2Fregistry.npm.taobao.org%2Fis-ci%2Fdownload%2Fis-ci-2.0.0.tgz"
  integrity sha1-a8YzQYGBDgS1wis9WJ/cpVAmQEw=
  dependencies:
    ci-info "^2.0.0"

is-extglob@^2.1.1:
  version "2.1.1"
  resolved "https://registry.nlark.com/is-extglob/download/is-extglob-2.1.1.tgz"
  integrity sha1-qIwCU1eR8C7TfHahueqXc8gz+MI=

is-fullwidth-code-point@^2.0.0:
  version "2.0.0"
  resolved "https://registry.npm.taobao.org/is-fullwidth-code-point/download/is-fullwidth-code-point-2.0.0.tgz?cache=0&sync_timestamp=1618552489864&other_urls=https%3A%2F%2Fregistry.npm.taobao.org%2Fis-fullwidth-code-point%2Fdownload%2Fis-fullwidth-code-point-2.0.0.tgz"
  integrity sha1-o7MKXE8ZkYMWeqq5O+764937ZU8=

is-fullwidth-code-point@^3.0.0:
  version "3.0.0"
  resolved "https://registry.npm.taobao.org/is-fullwidth-code-point/download/is-fullwidth-code-point-3.0.0.tgz?cache=0&sync_timestamp=1618552489864&other_urls=https%3A%2F%2Fregistry.npm.taobao.org%2Fis-fullwidth-code-point%2Fdownload%2Fis-fullwidth-code-point-3.0.0.tgz"
  integrity sha1-8Rb4Bk/pCz94RKOJl8C3UFEmnx0=

is-glob@^4.0.1, is-glob@~4.0.1:
  version "4.0.1"
  resolved "https://registry.npm.taobao.org/is-glob/download/is-glob-4.0.1.tgz"
  integrity sha1-dWfb6fL14kZ7x3q4PEopSCQHpdw=
  dependencies:
    is-extglob "^2.1.1"

is-installed-globally@^0.3.1:
  version "0.3.2"
  resolved "https://registry.npm.taobao.org/is-installed-globally/download/is-installed-globally-0.3.2.tgz?cache=0&sync_timestamp=1610875192100&other_urls=https%3A%2F%2Fregistry.npm.taobao.org%2Fis-installed-globally%2Fdownload%2Fis-installed-globally-0.3.2.tgz"
  integrity sha1-/T76ee5nDRGHIzGC1bCh3QAxMUE=
  dependencies:
    global-dirs "^2.0.1"
    is-path-inside "^3.0.1"

is-npm@^4.0.0:
  version "4.0.0"
  resolved "https://registry.nlark.com/is-npm/download/is-npm-4.0.0.tgz"
  integrity sha1-yQ3YOAaW34enptgjwg0LErvjyE0=

is-number@^7.0.0:
  version "7.0.0"
  resolved "https://registry.npm.taobao.org/is-number/download/is-number-7.0.0.tgz"
  integrity sha1-dTU0W4lnNNX4DE0GxQlVUnoU8Ss=

is-obj@^2.0.0:
  version "2.0.0"
  resolved "https://registry.npm.taobao.org/is-obj/download/is-obj-2.0.0.tgz?cache=0&sync_timestamp=1618600242427&other_urls=https%3A%2F%2Fregistry.npm.taobao.org%2Fis-obj%2Fdownload%2Fis-obj-2.0.0.tgz"
  integrity sha1-Rz+wXZc3BeP9liBUUBjKjiLvSYI=

is-path-inside@^3.0.1:
  version "3.0.3"
  resolved "https://registry.nlark.com/is-path-inside/download/is-path-inside-3.0.3.tgz?cache=0&sync_timestamp=1620046845369&other_urls=https%3A%2F%2Fregistry.nlark.com%2Fis-path-inside%2Fdownload%2Fis-path-inside-3.0.3.tgz"
  integrity sha1-0jE2LlOgf/Kw4Op/7QSRYf/RYoM=

is-typedarray@^1.0.0:
  version "1.0.0"
  resolved "https://registry.nlark.com/is-typedarray/download/is-typedarray-1.0.0.tgz"
  integrity sha1-5HnICFjfDBsR3dppQPlgEfzaSpo=

is-yarn-global@^0.3.0:
  version "0.3.0"
  resolved "https://registry.nlark.com/is-yarn-global/download/is-yarn-global-0.3.0.tgz?cache=0&sync_timestamp=1619356719315&other_urls=https%3A%2F%2Fregistry.nlark.com%2Fis-yarn-global%2Fdownload%2Fis-yarn-global-0.3.0.tgz"
  integrity sha1-1QLTOCWQ6jAEiTdGdUyJE5lz4jI=

json-buffer@3.0.0:
  version "3.0.0"
  resolved "https://registry.npm.taobao.org/json-buffer/download/json-buffer-3.0.0.tgz"
  integrity sha1-Wx85evx11ne96Lz8Dkfh+aPZqJg=

keyv@^3.0.0:
  version "3.1.0"
  resolved "https://registry.nlark.com/keyv/download/keyv-3.1.0.tgz"
  integrity sha1-7MIoSG9pmR5J6UdkhaW+Ho/FxNk=
  dependencies:
    json-buffer "3.0.0"

latest-version@^5.0.0:
  version "5.1.0"
  resolved "https://registry.nlark.com/latest-version/download/latest-version-5.1.0.tgz"
  integrity sha1-EZ3+kI/jjRXfpD7NE/oS7Igy+s4=
  dependencies:
    package-json "^6.3.0"

lowercase-keys@^1.0.0, lowercase-keys@^1.0.1:
  version "1.0.1"
  resolved "https://registry.nlark.com/lowercase-keys/download/lowercase-keys-1.0.1.tgz"
  integrity sha1-b54wtHCE2XGnyCD/FabFFnt0wm8=

lowercase-keys@^2.0.0:
  version "2.0.0"
  resolved "https://registry.nlark.com/lowercase-keys/download/lowercase-keys-2.0.0.tgz"
  integrity sha1-JgPni3tLAAbLyi+8yKMgJVislHk=

make-dir@^3.0.0:
  version "3.1.0"
  resolved "https://registry.npm.taobao.org/make-dir/download/make-dir-3.1.0.tgz"
  integrity sha1-QV6WcEazp/HRhSd9hKpYIDcmoT8=
  dependencies:
    semver "^6.0.0"

mime-db@1.48.0:
  version "1.48.0"
  resolved "https://registry.nlark.com/mime-db/download/mime-db-1.48.0.tgz?cache=0&sync_timestamp=1622433556078&other_urls=https%3A%2F%2Fregistry.nlark.com%2Fmime-db%2Fdownload%2Fmime-db-1.48.0.tgz"
  integrity sha1-41sxBF3X6to6qtU37YijOvvvLR0=

mime-types@~2.1.24:
  version "2.1.31"
  resolved "https://registry.nlark.com/mime-types/download/mime-types-2.1.31.tgz?cache=0&sync_timestamp=1622569162264&other_urls=https%3A%2F%2Fregistry.nlark.com%2Fmime-types%2Fdownload%2Fmime-types-2.1.31.tgz"
  integrity sha1-oA12t0MXxh+cLbIhi46fjpxcnms=
  dependencies:
    mime-db "1.48.0"

mimic-response@^1.0.0, mimic-response@^1.0.1:
  version "1.0.1"
  resolved "https://registry.npm.taobao.org/mimic-response/download/mimic-response-1.0.1.tgz"
  integrity sha1-SSNTiHju9CBjy4o+OweYeBSHqxs=

minimatch@^3.0.4:
  version "3.0.4"
  resolved "https://registry.nlark.com/minimatch/download/minimatch-3.0.4.tgz"
  integrity sha1-UWbihkV/AzBgZL5Ul+jbsMPTIIM=
  dependencies:
    brace-expansion "^1.1.7"

minimist@^1.2.0:
  version "1.2.5"
  resolved "https://registry.nlark.com/minimist/download/minimist-1.2.5.tgz?cache=0&sync_timestamp=1618847003091&other_urls=https%3A%2F%2Fregistry.nlark.com%2Fminimist%2Fdownload%2Fminimist-1.2.5.tgz"
  integrity sha1-Z9ZgFLZqaoqqDAg8X9WN9OTpdgI=

ms@2.0.0:
  version "2.0.0"
  resolved "https://registry.npm.taobao.org/ms/download/ms-2.0.0.tgz?cache=0&sync_timestamp=1607433872491&other_urls=https%3A%2F%2Fregistry.npm.taobao.org%2Fms%2Fdownload%2Fms-2.0.0.tgz"
  integrity sha1-VgiurfwAvmwpAd9fmGF4jeDVl8g=

ms@2.1.2, ms@^2.1.1:
  version "2.1.2"
  resolved "https://registry.npm.taobao.org/ms/download/ms-2.1.2.tgz?cache=0&sync_timestamp=1607433872491&other_urls=https%3A%2F%2Fregistry.npm.taobao.org%2Fms%2Fdownload%2Fms-2.1.2.tgz"
  integrity sha1-0J0fNXtEP0kzgqjrPM0YOHKuYAk=

negotiator@0.6.2:
  version "0.6.2"
  resolved "https://registry.nlark.com/negotiator/download/negotiator-0.6.2.tgz"
  integrity sha1-/qz3zPUlp3rpY0Q2pkiD/+yjRvs=

nodemon@^2.0.7:
  version "2.0.7"
  resolved "https://registry.nlark.com/nodemon/download/nodemon-2.0.7.tgz#6f030a0a0ebe3ea1ba2a38f71bf9bab4841ced32"
  integrity sha1-bwMKCg6+PqG6Kjj3G/m6tIQc7TI=
  dependencies:
    chokidar "^3.2.2"
    debug "^3.2.6"
    ignore-by-default "^1.0.1"
    minimatch "^3.0.4"
    pstree.remy "^1.1.7"
    semver "^5.7.1"
    supports-color "^5.5.0"
    touch "^3.1.0"
    undefsafe "^2.0.3"
    update-notifier "^4.1.0"

nopt@~1.0.10:
  version "1.0.10"
  resolved "https://registry.npm.taobao.org/nopt/download/nopt-1.0.10.tgz?cache=0&sync_timestamp=1597649942437&other_urls=https%3A%2F%2Fregistry.npm.taobao.org%2Fnopt%2Fdownload%2Fnopt-1.0.10.tgz"
  integrity sha1-bd0hvSoxQXuScn3Vhfim83YI6+4=
  dependencies:
    abbrev "1"

normalize-path@^3.0.0, normalize-path@~3.0.0:
  version "3.0.0"
  resolved "https://registry.nlark.com/normalize-path/download/normalize-path-3.0.0.tgz"
  integrity sha1-Dc1p/yOhybEf0JeDFmRKA4ghamU=

normalize-url@^4.1.0:
  version "4.5.1"
  resolved "https://registry.nlark.com/normalize-url/download/normalize-url-4.5.1.tgz?cache=0&sync_timestamp=1621862147909&other_urls=https%3A%2F%2Fregistry.nlark.com%2Fnormalize-url%2Fdownload%2Fnormalize-url-4.5.1.tgz"
  integrity sha1-DdkM8SiO4dExO4cIHJpZMu5IUYo=

object-assign@^4:
  version "4.1.1"
  resolved "https://registry.nlark.com/object-assign/download/object-assign-4.1.1.tgz"
  integrity sha1-IQmtx5ZYh8/AXLvUQsrIv7s2CGM=

once@^1.3.1, once@^1.4.0:
  version "1.4.0"
  resolved "https://registry.npm.taobao.org/once/download/once-1.4.0.tgz"
  integrity sha1-WDsap3WWHUsROsF9nFC6753Xa9E=
  dependencies:
    wrappy "1"

p-cancelable@^1.0.0:
  version "1.1.0"
  resolved "https://registry.nlark.com/p-cancelable/download/p-cancelable-1.1.0.tgz?cache=0&sync_timestamp=1622467988667&other_urls=https%3A%2F%2Fregistry.nlark.com%2Fp-cancelable%2Fdownload%2Fp-cancelable-1.1.0.tgz"
  integrity sha1-0HjRWjr0CSIMiG8dmgyi5EGrJsw=

package-json@^6.3.0:
  version "6.5.0"
  resolved "https://registry.nlark.com/package-json/download/package-json-6.5.0.tgz?cache=0&sync_timestamp=1624549851966&other_urls=https%3A%2F%2Fregistry.nlark.com%2Fpackage-json%2Fdownload%2Fpackage-json-6.5.0.tgz"
  integrity sha1-b+7ayjXnVyWHbQsOZJdGl/7RRbA=
  dependencies:
    got "^9.6.0"
    registry-auth-token "^4.0.0"
    registry-url "^5.0.0"
    semver "^6.2.0"

path@^0.12.7:
  version "0.12.7"
  resolved "https://registry.npm.taobao.org/path/download/path-0.12.7.tgz"
  integrity sha1-1NwqUGxM4hl+tIHr/NWzbAFAsQ8=
  dependencies:
    process "^0.11.1"
    util "^0.10.3"

picomatch@^2.0.4, picomatch@^2.2.1:
  version "2.3.0"
  resolved "https://registry.nlark.com/picomatch/download/picomatch-2.3.0.tgz"
  integrity sha1-8fBh3o9qS/AiiS4tEoI0+5gwKXI=

prepend-http@^2.0.0:
  version "2.0.0"
  resolved "https://registry.npm.taobao.org/prepend-http/download/prepend-http-2.0.0.tgz"
  integrity sha1-6SQ0v6XqjBn0HN/UAddBo8gZ2Jc=

process@^0.11.1:
  version "0.11.10"
  resolved "https://registry.nlark.com/process/download/process-0.11.10.tgz"
  integrity sha1-czIwDoQBYb2j5podHZGn1LwW8YI=

pstree.remy@^1.1.7:
  version "1.1.8"
  resolved "https://registry.npm.taobao.org/pstree.remy/download/pstree.remy-1.1.8.tgz"
  integrity sha1-wkIiT0pnwh9oaDm720rCgrg3PTo=

pump@^3.0.0:
  version "3.0.0"
  resolved "https://registry.npm.taobao.org/pump/download/pump-3.0.0.tgz"
  integrity sha1-tKIRaBW94vTh6mAjVOjHVWUQemQ=
  dependencies:
    end-of-stream "^1.1.0"
    once "^1.3.1"

pupa@^2.0.1:
  version "2.1.1"
  resolved "https://registry.npm.taobao.org/pupa/download/pupa-2.1.1.tgz"
  integrity sha1-9ej9SvwsXZeCj6pSNUnth0SiDWI=
  dependencies:
    escape-goat "^2.0.0"

rc@^1.2.8:
  version "1.2.8"
  resolved "https://registry.npm.taobao.org/rc/download/rc-1.2.8.tgz?cache=0&sync_timestamp=1593529723659&other_urls=https%3A%2F%2Fregistry.npm.taobao.org%2Frc%2Fdownload%2Frc-1.2.8.tgz"
  integrity sha1-zZJL9SAKB1uDwYjNa54hG3/A0+0=
  dependencies:
    deep-extend "^0.6.0"
    ini "~1.3.0"
    minimist "^1.2.0"
    strip-json-comments "~2.0.1"

readdirp@~3.6.0:
  version "3.6.0"
  resolved "https://registry.nlark.com/readdirp/download/readdirp-3.6.0.tgz"
  integrity sha1-dKNwvYVxFuJFspzJc0DNQxoCpsc=
  dependencies:
    picomatch "^2.2.1"

registry-auth-token@^4.0.0:
  version "4.2.1"
  resolved "https://registry.npm.taobao.org/registry-auth-token/download/registry-auth-token-4.2.1.tgz"
  integrity sha1-bXtABkQZGJcszV/tzUHcMix5slA=
  dependencies:
    rc "^1.2.8"

registry-url@^5.0.0:
  version "5.1.0"
  resolved "https://registry.nlark.com/registry-url/download/registry-url-5.1.0.tgz"
  integrity sha1-6YM0tQ1UNLgRNrROxjjZwgCcUAk=
  dependencies:
    rc "^1.2.8"

responselike@^1.0.2:
  version "1.0.2"
  resolved "https://registry.nlark.com/responselike/download/responselike-1.0.2.tgz"
  integrity sha1-kYcg7ztjHFZCvgaPFa3lpG9Loec=
  dependencies:
    lowercase-keys "^1.0.0"

semver-diff@^3.1.1:
  version "3.1.1"
  resolved "https://registry.nlark.com/semver-diff/download/semver-diff-3.1.1.tgz"
  integrity sha1-Bfd85Z8yXgDicGr9Z7tQbdscoys=
  dependencies:
    semver "^6.3.0"

semver@^5.7.1:
  version "5.7.1"
  resolved "https://registry.npm.taobao.org/semver/download/semver-5.7.1.tgz?cache=0&sync_timestamp=1616463641178&other_urls=https%3A%2F%2Fregistry.npm.taobao.org%2Fsemver%2Fdownload%2Fsemver-5.7.1.tgz"
  integrity sha1-qVT5Ma66UI0we78Gnv8MAclhFvc=

semver@^6.0.0, semver@^6.2.0, semver@^6.3.0:
  version "6.3.0"
  resolved "https://registry.npm.taobao.org/semver/download/semver-6.3.0.tgz?cache=0&sync_timestamp=1616463641178&other_urls=https%3A%2F%2Fregistry.npm.taobao.org%2Fsemver%2Fdownload%2Fsemver-6.3.0.tgz"
  integrity sha1-7gpkyK9ejO6mdoexM3YeG+y9HT0=

signal-exit@^3.0.2:
  version "3.0.3"
  resolved "https://registry.nlark.com/signal-exit/download/signal-exit-3.0.3.tgz"
  integrity sha1-oUEMLt2PB3sItOJTyOrPyvBXRhw=

socket.io-adapter@~2.3.0:
  version "2.3.1"
  resolved "https://registry.nlark.com/socket.io-adapter/download/socket.io-adapter-2.3.1.tgz?cache=0&sync_timestamp=1621465246751&other_urls=https%3A%2F%2Fregistry.nlark.com%2Fsocket.io-adapter%2Fdownload%2Fsocket.io-adapter-2.3.1.tgz"
  integrity sha1-pEJyDLCaSCPPuBKH3aH5tS1MzbI=

socket.io-parser@~4.0.3:
  version "4.0.4"
  resolved "https://registry.npm.taobao.org/socket.io-parser/download/socket.io-parser-4.0.4.tgz?cache=0&sync_timestamp=1610669705096&other_urls=https%3A%2F%2Fregistry.npm.taobao.org%2Fsocket.io-parser%2Fdownload%2Fsocket.io-parser-4.0.4.tgz"
  integrity sha1-nqIbDWFQjRgZbvBKLGuatjD0wrA=
  dependencies:
    "@types/component-emitter" "^1.2.10"
    component-emitter "~1.3.0"
    debug "~4.3.1"

socket.io@^4.1.2:
  version "4.1.2"
  resolved "https://registry.nlark.com/socket.io/download/socket.io-4.1.2.tgz"
  integrity sha1-+Q+QAqjVUO/iqh0yDe67mkW4MjM=
  dependencies:
    "@types/cookie" "^0.4.0"
    "@types/cors" "^2.8.8"
    "@types/node" ">=10.0.0"
    accepts "~1.3.4"
    base64id "~2.0.0"
    debug "~4.3.1"
    engine.io "~5.1.0"
    socket.io-adapter "~2.3.0"
    socket.io-parser "~4.0.3"

string-width@^3.0.0:
  version "3.1.0"
  resolved "https://registry.npm.taobao.org/string-width/download/string-width-3.1.0.tgz"
  integrity sha1-InZ74htirxCBV0MG9prFG2IgOWE=
  dependencies:
    emoji-regex "^7.0.1"
    is-fullwidth-code-point "^2.0.0"
    strip-ansi "^5.1.0"

string-width@^4.0.0, string-width@^4.1.0:
  version "4.2.2"
  resolved "https://registry.npm.taobao.org/string-width/download/string-width-4.2.2.tgz"
  integrity sha1-2v1PlVmnWFz7pSnGoKT3NIjr1MU=
  dependencies:
    emoji-regex "^8.0.0"
    is-fullwidth-code-point "^3.0.0"
    strip-ansi "^6.0.0"

strip-ansi@^5.1.0:
  version "5.2.0"
  resolved "https://registry.npm.taobao.org/strip-ansi/download/strip-ansi-5.2.0.tgz?cache=0&sync_timestamp=1618553299612&other_urls=https%3A%2F%2Fregistry.npm.taobao.org%2Fstrip-ansi%2Fdownload%2Fstrip-ansi-5.2.0.tgz"
  integrity sha1-jJpTb+tq/JYr36WxBKUJHBrZwK4=
  dependencies:
    ansi-regex "^4.1.0"

strip-ansi@^6.0.0:
  version "6.0.0"
  resolved "https://registry.npm.taobao.org/strip-ansi/download/strip-ansi-6.0.0.tgz?cache=0&sync_timestamp=1618553299612&other_urls=https%3A%2F%2Fregistry.npm.taobao.org%2Fstrip-ansi%2Fdownload%2Fstrip-ansi-6.0.0.tgz"
  integrity sha1-CxVx3XZpzNTz4G4U7x7tJiJa5TI=
  dependencies:
    ansi-regex "^5.0.0"

strip-json-comments@~2.0.1:
  version "2.0.1"
  resolved "https://registry.npm.taobao.org/strip-json-comments/download/strip-json-comments-2.0.1.tgz"
  integrity sha1-PFMZQukIwml8DsNEhYwobHygpgo=

supports-color@^5.5.0:
  version "5.5.0"
  resolved "https://registry.nlark.com/supports-color/download/supports-color-5.5.0.tgz?cache=0&sync_timestamp=1622293670728&other_urls=https%3A%2F%2Fregistry.nlark.com%2Fsupports-color%2Fdownload%2Fsupports-color-5.5.0.tgz"
  integrity sha1-4uaaRKyHcveKHsCzW2id9lMO/I8=
  dependencies:
    has-flag "^3.0.0"

supports-color@^7.1.0:
  version "7.2.0"
  resolved "https://registry.nlark.com/supports-color/download/supports-color-7.2.0.tgz?cache=0&sync_timestamp=1622293670728&other_urls=https%3A%2F%2Fregistry.nlark.com%2Fsupports-color%2Fdownload%2Fsupports-color-7.2.0.tgz"
  integrity sha1-G33NyzK4E4gBs+R4umpRyqiWSNo=
  dependencies:
    has-flag "^4.0.0"

term-size@^2.1.0:
  version "2.2.1"
  resolved "https://registry.npm.taobao.org/term-size/download/term-size-2.2.1.tgz"
  integrity sha1-KmpUhAQywvtjIP6g9BVTHpAYn1Q=

to-readable-stream@^1.0.0:
  version "1.0.0"
  resolved "https://registry.nlark.com/to-readable-stream/download/to-readable-stream-1.0.0.tgz"
  integrity sha1-zgqgwvPfat+FLvtASng+d8BHV3E=

to-regex-range@^5.0.1:
  version "5.0.1"
  resolved "https://registry.nlark.com/to-regex-range/download/to-regex-range-5.0.1.tgz"
  integrity sha1-FkjESq58jZiKMmAY7XL1tN0DkuQ=
  dependencies:
    is-number "^7.0.0"

touch@^3.1.0:
  version "3.1.0"
  resolved "https://registry.npm.taobao.org/touch/download/touch-3.1.0.tgz"
  integrity sha1-/jZfX3XsntTlaCXgu3bSSrdK+Ds=
  dependencies:
    nopt "~1.0.10"

type-fest@^0.8.1:
  version "0.8.1"
  resolved "https://registry.nlark.com/type-fest/download/type-fest-0.8.1.tgz?cache=0&sync_timestamp=1623873250468&other_urls=https%3A%2F%2Fregistry.nlark.com%2Ftype-fest%2Fdownload%2Ftype-fest-0.8.1.tgz"
  integrity sha1-CeJJ696FHTseSNJ8EFREZn8XuD0=

typedarray-to-buffer@^3.1.5:
  version "3.1.5"
  resolved "https://registry.npm.taobao.org/typedarray-to-buffer/download/typedarray-to-buffer-3.1.5.tgz"
  integrity sha1-qX7nqf9CaRufeD/xvFES/j/KkIA=
  dependencies:
    is-typedarray "^1.0.0"

undefsafe@^2.0.3:
  version "2.0.3"
  resolved "https://registry.npm.taobao.org/undefsafe/download/undefsafe-2.0.3.tgz"
  integrity sha1-axZucJStRjE7IgLafsws18xueq4=
  dependencies:
    debug "^2.2.0"

unique-string@^2.0.0:
  version "2.0.0"
  resolved "https://registry.npm.taobao.org/unique-string/download/unique-string-2.0.0.tgz"
  integrity sha1-OcZFH4GvsnSd4rIz4/fF6IQ72J0=
  dependencies:
    crypto-random-string "^2.0.0"

update-notifier@^4.1.0:
  version "4.1.3"
  resolved "https://registry.npm.taobao.org/update-notifier/download/update-notifier-4.1.3.tgz"
  integrity sha1-vobuE+jOSPtQBD/3IFe1vVmOHqM=
  dependencies:
    boxen "^4.2.0"
    chalk "^3.0.0"
    configstore "^5.0.1"
    has-yarn "^2.1.0"
    import-lazy "^2.1.0"
    is-ci "^2.0.0"
    is-installed-globally "^0.3.1"
    is-npm "^4.0.0"
    is-yarn-global "^0.3.0"
    latest-version "^5.0.0"
    pupa "^2.0.1"
    semver-diff "^3.1.1"
    xdg-basedir "^4.0.0"

url-parse-lax@^3.0.0:
  version "3.0.0"
  resolved "https://registry.npm.taobao.org/url-parse-lax/download/url-parse-lax-3.0.0.tgz"
  integrity sha1-FrXK/Afb42dsGxmZF3gj1lA6yww=
  dependencies:
    prepend-http "^2.0.0"

util@^0.10.3:
  version "0.10.4"
  resolved "https://registry.nlark.com/util/download/util-0.10.4.tgz?cache=0&sync_timestamp=1622212984161&other_urls=https%3A%2F%2Fregistry.nlark.com%2Futil%2Fdownload%2Futil-0.10.4.tgz"
  integrity sha1-OqASW/5mikZy3liFfTrOJ+y3aQE=
  dependencies:
    inherits "2.0.3"

vary@^1:
  version "1.1.2"
  resolved "https://registry.nlark.com/vary/download/vary-1.1.2.tgz"
  integrity sha1-IpnwLG3tMNSllhsLn3RSShj2NPw=

widest-line@^3.1.0:
  version "3.1.0"
  resolved "https://registry.nlark.com/widest-line/download/widest-line-3.1.0.tgz?cache=0&sync_timestamp=1619001870221&other_urls=https%3A%2F%2Fregistry.nlark.com%2Fwidest-line%2Fdownload%2Fwidest-line-3.1.0.tgz"
  integrity sha1-gpIzO79my0X/DeFgOxNreuFJbso=
  dependencies:
    string-width "^4.0.0"

wrappy@1:
  version "1.0.2"
  resolved "https://registry.nlark.com/wrappy/download/wrappy-1.0.2.tgz"
  integrity sha1-tSQ9jz7BqjXxNkYFvA0QNuMKtp8=

write-file-atomic@^3.0.0:
  version "3.0.3"
  resolved "https://registry.npm.taobao.org/write-file-atomic/download/write-file-atomic-3.0.3.tgz"
  integrity sha1-Vr1cWlxwSBzRnFcb05q5ZaXeVug=
  dependencies:
    imurmurhash "^0.1.4"
    is-typedarray "^1.0.0"
    signal-exit "^3.0.2"
    typedarray-to-buffer "^3.1.5"

ws@~7.4.2:
  version "7.4.6"
  resolved "https://registry.nlark.com/ws/download/ws-7.4.6.tgz?cache=0&sync_timestamp=1623849513642&other_urls=https%3A%2F%2Fregistry.nlark.com%2Fws%2Fdownload%2Fws-7.4.6.tgz"
  integrity sha1-VlTKjs3u5HwzqaS/bSjivimAN3w=

xdg-basedir@^4.0.0:
  version "4.0.0"
  resolved "https://registry.npm.taobao.org/xdg-basedir/download/xdg-basedir-4.0.0.tgz?cache=0&sync_timestamp=1617611782885&other_urls=https%3A%2F%2Fregistry.npm.taobao.org%2Fxdg-basedir%2Fdownload%2Fxdg-basedir-4.0.0.tgz"
  integrity sha1-S8jZmEQDaWIl74OhVzy7y0552xM=
